// !$*UTF8*$!
{
	archiveVersion = 1;
	classes = {
	};
	objectVersion = 56;
	objects = {

/* Begin PBXBuildFile section */
		4AF10A152A7DC12200CE9062 /* AppDelegate.swift in Sources */ = {isa = PBXBuildFile; fileRef = 4AF10A142A7DC12200CE9062 /* AppDelegate.swift */; };
		4AF10A172A7DC12200CE9062 /* SceneDelegate.swift in Sources */ = {isa = PBXBuildFile; fileRef = 4AF10A162A7DC12200CE9062 /* SceneDelegate.swift */; };
		4AF10A1E2A7DC12200CE9062 /* Assets.xcassets in Resources */ = {isa = PBXBuildFile; fileRef = 4AF10A1D2A7DC12200CE9062 /* Assets.xcassets */; };
		4AF10A212A7DC12200CE9062 /* LaunchScreen.storyboard in Resources */ = {isa = PBXBuildFile; fileRef = 4AF10A1F2A7DC12200CE9062 /* LaunchScreen.storyboard */; };
		4AF10A2E2A7DC28D00CE9062 /* ProfileViewController.swift in Sources */ = {isa = PBXBuildFile; fileRef = 4AF10A2D2A7DC28D00CE9062 /* ProfileViewController.swift */; };
		4AF10A302A7DC2D300CE9062 /* NewConversationViewController.swift in Sources */ = {isa = PBXBuildFile; fileRef = 4AF10A2F2A7DC2D300CE9062 /* NewConversationViewController.swift */; };
		4AF10A322A7DC2FC00CE9062 /* PhotoViewerViewController.swift in Sources */ = {isa = PBXBuildFile; fileRef = 4AF10A312A7DC2FC00CE9062 /* PhotoViewerViewController.swift */; };
		4AF10A342A7DC32E00CE9062 /* VideoPlayerViewController.swift in Sources */ = {isa = PBXBuildFile; fileRef = 4AF10A332A7DC32E00CE9062 /* VideoPlayerViewController.swift */; };
		4AF10A362A7DC35300CE9062 /* ConversationsViewController.swift in Sources */ = {isa = PBXBuildFile; fileRef = 4AF10A352A7DC35300CE9062 /* ConversationsViewController.swift */; };
		4AF10A392A7DC38200CE9062 /* LoginViewController.swift in Sources */ = {isa = PBXBuildFile; fileRef = 4AF10A382A7DC38200CE9062 /* LoginViewController.swift */; };
		4AF10A3B2A7DC39700CE9062 /* RegisterViewController.swift in Sources */ = {isa = PBXBuildFile; fileRef = 4AF10A3A2A7DC39700CE9062 /* RegisterViewController.swift */; };
/* End PBXBuildFile section */

/* Begin PBXFileReference section */
		4AF10A112A7DC12200CE9062 /* amtok.app */ = {isa = PBXFileReference; explicitFileType = wrapper.application; includeInIndex = 0; path = amtok.app; sourceTree = BUILT_PRODUCTS_DIR; };
		4AF10A142A7DC12200CE9062 /* AppDelegate.swift */ = {isa = PBXFileReference; lastKnownFileType = sourcecode.swift; path = AppDelegate.swift; sourceTree = "<group>"; };
		4AF10A162A7DC12200CE9062 /* SceneDelegate.swift */ = {isa = PBXFileReference; lastKnownFileType = sourcecode.swift; path = SceneDelegate.swift; sourceTree = "<group>"; };
		4AF10A1D2A7DC12200CE9062 /* Assets.xcassets */ = {isa = PBXFileReference; lastKnownFileType = folder.assetcatalog; path = Assets.xcassets; sourceTree = "<group>"; };
		4AF10A202A7DC12200CE9062 /* Base */ = {isa = PBXFileReference; lastKnownFileType = file.storyboard; name = Base; path = Base.lproj/LaunchScreen.storyboard; sourceTree = "<group>"; };
		4AF10A222A7DC12200CE9062 /* Info.plist */ = {isa = PBXFileReference; lastKnownFileType = text.plist.xml; path = Info.plist; sourceTree = "<group>"; };
		4AF10A2D2A7DC28D00CE9062 /* ProfileViewController.swift */ = {isa = PBXFileReference; lastKnownFileType = sourcecode.swift; path = ProfileViewController.swift; sourceTree = "<group>"; };
		4AF10A2F2A7DC2D300CE9062 /* NewConversationViewController.swift */ = {isa = PBXFileReference; lastKnownFileType = sourcecode.swift; path = NewConversationViewController.swift; sourceTree = "<group>"; };
		4AF10A312A7DC2FC00CE9062 /* PhotoViewerViewController.swift */ = {isa = PBXFileReference; lastKnownFileType = sourcecode.swift; path = PhotoViewerViewController.swift; sourceTree = "<group>"; };
		4AF10A332A7DC32E00CE9062 /* VideoPlayerViewController.swift */ = {isa = PBXFileReference; lastKnownFileType = sourcecode.swift; path = VideoPlayerViewController.swift; sourceTree = "<group>"; };
		4AF10A352A7DC35300CE9062 /* ConversationsViewController.swift */ = {isa = PBXFileReference; lastKnownFileType = sourcecode.swift; path = ConversationsViewController.swift; sourceTree = "<group>"; };
		4AF10A382A7DC38200CE9062 /* LoginViewController.swift */ = {isa = PBXFileReference; lastKnownFileType = sourcecode.swift; path = LoginViewController.swift; sourceTree = "<group>"; };
		4AF10A3A2A7DC39700CE9062 /* RegisterViewController.swift */ = {isa = PBXFileReference; lastKnownFileType = sourcecode.swift; path = RegisterViewController.swift; sourceTree = "<group>"; };
/* End PBXFileReference section */

/* Begin PBXFrameworksBuildPhase section */
		4AF10A0E2A7DC12200CE9062 /* Frameworks */ = {
			isa = PBXFrameworksBuildPhase;
			buildActionMask = 2147483647;
			files = (
			);
			runOnlyForDeploymentPostprocessing = 0;
		};
/* End PBXFrameworksBuildPhase section */

/* Begin PBXGroup section */
		4AF10A082A7DC12200CE9062 = {
			isa = PBXGroup;
			children = (
				4AF10A132A7DC12200CE9062 /* amtok */,
				4AF10A122A7DC12200CE9062 /* Products */,
			);
			sourceTree = "<group>";
		};
		4AF10A122A7DC12200CE9062 /* Products */ = {
			isa = PBXGroup;
			children = (
				4AF10A112A7DC12200CE9062 /* amtok.app */,
			);
			name = Products;
			sourceTree = "<group>";
		};
		4AF10A132A7DC12200CE9062 /* amtok */ = {
			isa = PBXGroup;
			children = (
				4AF10A282A7DC1D300CE9062 /* Resources */,
				4AF10A2A2A7DC20C00CE9062 /* Models */,
				4AF10A2B2A7DC21700CE9062 /* Views */,
				4AF10A292A7DC1FD00CE9062 /* ViewModels */,
				4AF10A2C2A7DC22500CE9062 /* Controllers */,
				4AF10A222A7DC12200CE9062 /* Info.plist */,
			);
			path = amtok;
			sourceTree = "<group>";
		};
		4AF10A282A7DC1D300CE9062 /* Resources */ = {
			isa = PBXGroup;
			children = (
				4AF10A142A7DC12200CE9062 /* AppDelegate.swift */,
				4AF10A162A7DC12200CE9062 /* SceneDelegate.swift */,
			);
			path = Resources;
			sourceTree = "<group>";
		};
		4AF10A292A7DC1FD00CE9062 /* ViewModels */ = {
			isa = PBXGroup;
			children = (
			);
			path = ViewModels;
			sourceTree = "<group>";
		};
		4AF10A2A2A7DC20C00CE9062 /* Models */ = {
			isa = PBXGroup;
			children = (
			);
			path = Models;
			sourceTree = "<group>";
		};
		4AF10A2B2A7DC21700CE9062 /* Views */ = {
			isa = PBXGroup;
			children = (
				4AF10A1D2A7DC12200CE9062 /* Assets.xcassets */,
				4AF10A1F2A7DC12200CE9062 /* LaunchScreen.storyboard */,
			);
			path = Views;
			sourceTree = "<group>";
		};
		4AF10A2C2A7DC22500CE9062 /* Controllers */ = {
			isa = PBXGroup;
			children = (
				4AF10A372A7DC36D00CE9062 /* Login & Register */,
				4AF10A2D2A7DC28D00CE9062 /* ProfileViewController.swift */,
				4AF10A2F2A7DC2D300CE9062 /* NewConversationViewController.swift */,
				4AF10A312A7DC2FC00CE9062 /* PhotoViewerViewController.swift */,
				4AF10A332A7DC32E00CE9062 /* VideoPlayerViewController.swift */,
				4AF10A352A7DC35300CE9062 /* ConversationsViewController.swift */,
			);
			path = Controllers;
			sourceTree = "<group>";
		};
		4AF10A372A7DC36D00CE9062 /* Login & Register */ = {
			isa = PBXGroup;
			children = (
				4AF10A382A7DC38200CE9062 /* LoginViewController.swift */,
				4AF10A3A2A7DC39700CE9062 /* RegisterViewController.swift */,
			);
			path = "Login & Register";
			sourceTree = "<group>";
		};
/* End PBXGroup section */

/* Begin PBXNativeTarget section */
		4AF10A102A7DC12200CE9062 /* amtok */ = {
			isa = PBXNativeTarget;
			buildConfigurationList = 4AF10A252A7DC12200CE9062 /* Build configuration list for PBXNativeTarget "amtok" */;
			buildPhases = (
				4AF10A0D2A7DC12200CE9062 /* Sources */,
				4AF10A0E2A7DC12200CE9062 /* Frameworks */,
				4AF10A0F2A7DC12200CE9062 /* Resources */,
			);
			buildRules = (
			);
			dependencies = (
			);
			name = amtok;
			productName = amtok;
			productReference = 4AF10A112A7DC12200CE9062 /* amtok.app */;
			productType = "com.apple.product-type.application";
		};
/* End PBXNativeTarget section */

/* Begin PBXProject section */
		4AF10A092A7DC12200CE9062 /* Project object */ = {
			isa = PBXProject;
			attributes = {
				BuildIndependentTargetsInParallel = 1;
				LastSwiftUpdateCheck = 1420;
				LastUpgradeCheck = 1420;
				TargetAttributes = {
					4AF10A102A7DC12200CE9062 = {
						CreatedOnToolsVersion = 14.2;
					};
				};
			};
			buildConfigurationList = 4AF10A0C2A7DC12200CE9062 /* Build configuration list for PBXProject "amtok" */;
			compatibilityVersion = "Xcode 14.0";
			developmentRegion = en;
			hasScannedForEncodings = 0;
			knownRegions = (
				en,
				Base,
			);
			mainGroup = 4AF10A082A7DC12200CE9062;
			productRefGroup = 4AF10A122A7DC12200CE9062 /* Products */;
			projectDirPath = "";
			projectRoot = "";
			targets = (
				4AF10A102A7DC12200CE9062 /* amtok */,
			);
		};
/* End PBXProject section */

/* Begin PBXResourcesBuildPhase section */
		4AF10A0F2A7DC12200CE9062 /* Resources */ = {
			isa = PBXResourcesBuildPhase;
			buildActionMask = 2147483647;
			files = (
				4AF10A212A7DC12200CE9062 /* LaunchScreen.storyboard in Resources */,
				4AF10A1E2A7DC12200CE9062 /* Assets.xcassets in Resources */,
			);
			runOnlyForDeploymentPostprocessing = 0;
		};
/* End PBXResourcesBuildPhase section */

/* Begin PBXSourcesBuildPhase section */
		4AF10A0D2A7DC12200CE9062 /* Sources */ = {
			isa = PBXSourcesBuildPhase;
			buildActionMask = 2147483647;
			files = (
				4AF10A3B2A7DC39700CE9062 /* RegisterViewController.swift in Sources */,
				4AF10A2E2A7DC28D00CE9062 /* ProfileViewController.swift in Sources */,
				4AF10A152A7DC12200CE9062 /* AppDelegate.swift in Sources */,
				4AF10A362A7DC35300CE9062 /* ConversationsViewController.swift in Sources */,
				4AF10A322A7DC2FC00CE9062 /* PhotoViewerViewController.swift in Sources */,
				4AF10A392A7DC38200CE9062 /* LoginViewController.swift in Sources */,
				4AF10A342A7DC32E00CE9062 /* VideoPlayerViewController.swift in Sources */,
				4AF10A302A7DC2D300CE9062 /* NewConversationViewController.swift in Sources */,
				4AF10A172A7DC12200CE9062 /* SceneDelegate.swift in Sources */,
			);
			runOnlyForDeploymentPostprocessing = 0;
		};
/* End PBXSourcesBuildPhase section */

/* Begin PBXVariantGroup section */
		4AF10A1F2A7DC12200CE9062 /* LaunchScreen.storyboard */ = {
			isa = PBXVariantGroup;
			children = (
				4AF10A202A7DC12200CE9062 /* Base */,
			);
			name = LaunchScreen.storyboard;
			sourceTree = "<group>";
		};
/* End PBXVariantGroup section */

/* Begin XCBuildConfiguration section */
		4AF10A232A7DC12200CE9062 /* Debug */ = {
			isa = XCBuildConfiguration;
			buildSettings = {
				ALWAYS_SEARCH_USER_PATHS = NO;
				CLANG_ANALYZER_NONNULL = YES;
				CLANG_ANALYZER_NUMBER_OBJECT_CONVERSION = YES_AGGRESSIVE;
				CLANG_CXX_LANGUAGE_STANDARD = "gnu++20";
				CLANG_ENABLE_MODULES = YES;
				CLANG_ENABLE_OBJC_ARC = YES;
				CLANG_ENABLE_OBJC_WEAK = YES;
				CLANG_WARN_BLOCK_CAPTURE_AUTORELEASING = YES;
				CLANG_WARN_BOOL_CONVERSION = YES;
				CLANG_WARN_COMMA = YES;
				CLANG_WARN_CONSTANT_CONVERSION = YES;
				CLANG_WARN_DEPRECATED_OBJC_IMPLEMENTATIONS = YES;
				CLANG_WARN_DIRECT_OBJC_ISA_USAGE = YES_ERROR;
				CLANG_WARN_DOCUMENTATION_COMMENTS = YES;
				CLANG_WARN_EMPTY_BODY = YES;
				CLANG_WARN_ENUM_CONVERSION = YES;
				CLANG_WARN_INFINITE_RECURSION = YES;
				CLANG_WARN_INT_CONVERSION = YES;
				CLANG_WARN_NON_LITERAL_NULL_CONVERSION = YES;
				CLANG_WARN_OBJC_IMPLICIT_RETAIN_SELF = YES;
				CLANG_WARN_OBJC_LITERAL_CONVERSION = YES;
				CLANG_WARN_OBJC_ROOT_CLASS = YES_ERROR;
				CLANG_WARN_QUOTED_INCLUDE_IN_FRAMEWORK_HEADER = YES;
				CLANG_WARN_RANGE_LOOP_ANALYSIS = YES;
				CLANG_WARN_STRICT_PROTOTYPES = YES;
				CLANG_WARN_SUSPICIOUS_MOVE = YES;
				CLANG_WARN_UNGUARDED_AVAILABILITY = YES_AGGRESSIVE;
				CLANG_WARN_UNREACHABLE_CODE = YES;
				CLANG_WARN__DUPLICATE_METHOD_MATCH = YES;
				COPY_PHASE_STRIP = NO;
				DEBUG_INFORMATION_FORMAT = dwarf;
				ENABLE_STRICT_OBJC_MSGSEND = YES;
				ENABLE_TESTABILITY = YES;
				GCC_C_LANGUAGE_STANDARD = gnu11;
				GCC_DYNAMIC_NO_PIC = NO;
				GCC_NO_COMMON_BLOCKS = YES;
				GCC_OPTIMIZATION_LEVEL = 0;
				GCC_PREPROCESSOR_DEFINITIONS = (
					"DEBUG=1",
					"$(inherited)",
				);
				GCC_WARN_64_TO_32_BIT_CONVERSION = YES;
				GCC_WARN_ABOUT_RETURN_TYPE = YES_ERROR;
				GCC_WARN_UNDECLARED_SELECTOR = YES;
				GCC_WARN_UNINITIALIZED_AUTOS = YES_AGGRESSIVE;
				GCC_WARN_UNUSED_FUNCTION = YES;
				GCC_WARN_UNUSED_VARIABLE = YES;
				IPHONEOS_DEPLOYMENT_TARGET = 16.2;
				MTL_ENABLE_DEBUG_INFO = INCLUDE_SOURCE;
				MTL_FAST_MATH = YES;
				ONLY_ACTIVE_ARCH = YES;
				SDKROOT = iphoneos;
				SWIFT_ACTIVE_COMPILATION_CONDITIONS = DEBUG;
				SWIFT_OPTIMIZATION_LEVEL = "-Onone";
			};
			name = Debug;
		};
		4AF10A242A7DC12200CE9062 /* Release */ = {
			isa = XCBuildConfiguration;
			buildSettings = {
				ALWAYS_SEARCH_USER_PATHS = NO;
				CLANG_ANALYZER_NONNULL = YES;
				CLANG_ANALYZER_NUMBER_OBJECT_CONVERSION = YES_AGGRESSIVE;
				CLANG_CXX_LANGUAGE_STANDARD = "gnu++20";
				CLANG_ENABLE_MODULES = YES;
				CLANG_ENABLE_OBJC_ARC = YES;
				CLANG_ENABLE_OBJC_WEAK = YES;
				CLANG_WARN_BLOCK_CAPTURE_AUTORELEASING = YES;
				CLANG_WARN_BOOL_CONVERSION = YES;
				CLANG_WARN_COMMA = YES;
				CLANG_WARN_CONSTANT_CONVERSION = YES;
				CLANG_WARN_DEPRECATED_OBJC_IMPLEMENTATIONS = YES;
				CLANG_WARN_DIRECT_OBJC_ISA_USAGE = YES_ERROR;
				CLANG_WARN_DOCUMENTATION_COMMENTS = YES;
				CLANG_WARN_EMPTY_BODY = YES;
				CLANG_WARN_ENUM_CONVERSION = YES;
				CLANG_WARN_INFINITE_RECURSION = YES;
				CLANG_WARN_INT_CONVERSION = YES;
				CLANG_WARN_NON_LITERAL_NULL_CONVERSION = YES;
				CLANG_WARN_OBJC_IMPLICIT_RETAIN_SELF = YES;
				CLANG_WARN_OBJC_LITERAL_CONVERSION = YES;
				CLANG_WARN_OBJC_ROOT_CLASS = YES_ERROR;
				CLANG_WARN_QUOTED_INCLUDE_IN_FRAMEWORK_HEADER = YES;
				CLANG_WARN_RANGE_LOOP_ANALYSIS = YES;
				CLANG_WARN_STRICT_PROTOTYPES = YES;
				CLANG_WARN_SUSPICIOUS_MOVE = YES;
				CLANG_WARN_UNGUARDED_AVAILABILITY = YES_AGGRESSIVE;
				CLANG_WARN_UNREACHABLE_CODE = YES;
				CLANG_WARN__DUPLICATE_METHOD_MATCH = YES;
				COPY_PHASE_STRIP = NO;
				DEBUG_INFORMATION_FORMAT = "dwarf-with-dsym";
				ENABLE_NS_ASSERTIONS = NO;
				ENABLE_STRICT_OBJC_MSGSEND = YES;
				GCC_C_LANGUAGE_STANDARD = gnu11;
				GCC_NO_COMMON_BLOCKS = YES;
				GCC_WARN_64_TO_32_BIT_CONVERSION = YES;
				GCC_WARN_ABOUT_RETURN_TYPE = YES_ERROR;
				GCC_WARN_UNDECLARED_SELECTOR = YES;
				GCC_WARN_UNINITIALIZED_AUTOS = YES_AGGRESSIVE;
				GCC_WARN_UNUSED_FUNCTION = YES;
				GCC_WARN_UNUSED_VARIABLE = YES;
				IPHONEOS_DEPLOYMENT_TARGET = 16.2;
				MTL_ENABLE_DEBUG_INFO = NO;
				MTL_FAST_MATH = YES;
				SDKROOT = iphoneos;
				SWIFT_COMPILATION_MODE = wholemodule;
				SWIFT_OPTIMIZATION_LEVEL = "-O";
				VALIDATE_PRODUCT = YES;
			};
			name = Release;
		};
		4AF10A262A7DC12200CE9062 /* Debug */ = {
			isa = XCBuildConfiguration;
			buildSettings = {
				ASSETCATALOG_COMPILER_APPICON_NAME = AppIcon;
				ASSETCATALOG_COMPILER_GLOBAL_ACCENT_COLOR_NAME = AccentColor;
				CODE_SIGN_STYLE = Automatic;
				CURRENT_PROJECT_VERSION = 1;
				DEVELOPMENT_TEAM = T77GC7ZRWH;
				GENERATE_INFOPLIST_FILE = YES;
				INFOPLIST_FILE = amtok/Info.plist;
				INFOPLIST_KEY_UIApplicationSupportsIndirectInputEvents = YES;
				INFOPLIST_KEY_UILaunchStoryboardName = LaunchScreen;
				INFOPLIST_KEY_UIMainStoryboardFile = "";
				INFOPLIST_KEY_UISupportedInterfaceOrientations = UIInterfaceOrientationPortrait;
				INFOPLIST_KEY_UISupportedInterfaceOrientations_iPad = "UIInterfaceOrientationLandscapeLeft UIInterfaceOrientationLandscapeRight UIInterfaceOrientationPortrait UIInterfaceOrientationPortraitUpsideDown";
				LD_RUNPATH_SEARCH_PATHS = (
					"$(inherited)",
					"@executable_path/Frameworks",
				);
				MARKETING_VERSION = 1.0;
				PRODUCT_BUNDLE_IDENTIFIER = IE.amtok;
				PRODUCT_NAME = "$(TARGET_NAME)";
				SUPPORTED_PLATFORMS = "iphoneos iphonesimulator";
				SUPPORTS_MACCATALYST = NO;
				SUPPORTS_MAC_DESIGNED_FOR_IPHONE_IPAD = NO;
				SWIFT_EMIT_LOC_STRINGS = YES;
				SWIFT_VERSION = 5.0;
				TARGETED_DEVICE_FAMILY = 1;
			};
			name = Debug;
		};
		4AF10A272A7DC12200CE9062 /* Release */ = {
			isa = XCBuildConfiguration;
			buildSettings = {
				ASSETCATALOG_COMPILER_APPICON_NAME = AppIcon;
				ASSETCATALOG_COMPILER_GLOBAL_ACCENT_COLOR_NAME = AccentColor;
				CODE_SIGN_STYLE = Automatic;
				CURRENT_PROJECT_VERSION = 1;
				DEVELOPMENT_TEAM = T77GC7ZRWH;
				GENERATE_INFOPLIST_FILE = YES;
				INFOPLIST_FILE = amtok/Info.plist;
				INFOPLIST_KEY_UIApplicationSupportsIndirectInputEvents = YES;
				INFOPLIST_KEY_UILaunchStoryboardName = LaunchScreen;
				INFOPLIST_KEY_UIMainStoryboardFile = "";
				INFOPLIST_KEY_UISupportedInterfaceOrientations = UIInterfaceOrientationPortrait;
				INFOPLIST_KEY_UISupportedInterfaceOrientations_iPad = "UIInterfaceOrientationLandscapeLeft UIInterfaceOrientationLandscapeRight UIInterfaceOrientationPortrait UIInterfaceOrientationPortraitUpsideDown";
				LD_RUNPATH_SEARCH_PATHS = (
					"$(inherited)",
					"@executable_path/Frameworks",
				);
				MARKETING_VERSION = 1.0;
				PRODUCT_BUNDLE_IDENTIFIER = IE.amtok;
				PRODUCT_NAME = "$(TARGET_NAME)";
				SUPPORTED_PLATFORMS = "iphoneos iphonesimulator";
				SUPPORTS_MACCATALYST = NO;
				SUPPORTS_MAC_DESIGNED_FOR_IPHONE_IPAD = NO;
				SWIFT_EMIT_LOC_STRINGS = YES;
				SWIFT_VERSION = 5.0;
				TARGETED_DEVICE_FAMILY = 1;
			};
			name = Release;
		};
/* End XCBuildConfiguration section */

/* Begin XCConfigurationList section */
		4AF10A0C2A7DC12200CE9062 /* Build configuration list for PBXProject "amtok" */ = {
			isa = XCConfigurationList;
			buildConfigurations = (
				4AF10A232A7DC12200CE9062 /* Debug */,
				4AF10A242A7DC12200CE9062 /* Release */,
			);
			defaultConfigurationIsVisible = 0;
			defaultConfigurationName = Release;
		};
		4AF10A252A7DC12200CE9062 /* Build configuration list for PBXNativeTarget "amtok" */ = {
			isa = XCConfigurationList;
			buildConfigurations = (
				4AF10A262A7DC12200CE9062 /* Debug */,
				4AF10A272A7DC12200CE9062 /* Release */,
			);
			defaultConfigurationIsVisible = 0;
			defaultConfigurationName = Release;
		};
/* End XCConfigurationList section */
	};
	rootObject = 4AF10A092A7DC12200CE9062 /* Project object */;
}
